// !$*UTF8*$!
{
	archiveVersion = 1;
	classes = {
	};
	objectVersion = 55;
	objects = {

/* Begin PBXBuildFile section */
		7167EEF827ED3D0B0081EEC6 /* AppDelegate.swift in Sources */ = {isa = PBXBuildFile; fileRef = 7167EEF727ED3D0B0081EEC6 /* AppDelegate.swift */; };
		7167EEFA27ED3D0B0081EEC6 /* SceneDelegate.swift in Sources */ = {isa = PBXBuildFile; fileRef = 7167EEF927ED3D0B0081EEC6 /* SceneDelegate.swift */; };
		7167EEFC27ED3D0B0081EEC6 /* ViewController.swift in Sources */ = {isa = PBXBuildFile; fileRef = 7167EEFB27ED3D0B0081EEC6 /* ViewController.swift */; };
		7167EEFF27ED3D0B0081EEC6 /* Main.storyboard in Resources */ = {isa = PBXBuildFile; fileRef = 7167EEFD27ED3D0B0081EEC6 /* Main.storyboard */; };
		7167EF0127ED3D0B0081EEC6 /* Assets.xcassets in Resources */ = {isa = PBXBuildFile; fileRef = 7167EF0027ED3D0B0081EEC6 /* Assets.xcassets */; };
		7167EF0427ED3D0B0081EEC6 /* LaunchScreen.storyboard in Resources */ = {isa = PBXBuildFile; fileRef = 7167EF0227ED3D0B0081EEC6 /* LaunchScreen.storyboard */; };
		7167EF0C27ED3E790081EEC6 /* CryptoTableViewCell.swift in Sources */ = {isa = PBXBuildFile; fileRef = 7167EF0B27ED3E790081EEC6 /* CryptoTableViewCell.swift */; };
		7167EF1227ED40070081EEC6 /* CryptoModel.swift in Sources */ = {isa = PBXBuildFile; fileRef = 7167EF1127ED40070081EEC6 /* CryptoModel.swift */; };
		7167EF1427ED41450081EEC6 /* Network.swift in Sources */ = {isa = PBXBuildFile; fileRef = 7167EF1327ED41450081EEC6 /* Network.swift */; };
		7167EF1627ED453F0081EEC6 /* CryptoViewModel.swift in Sources */ = {isa = PBXBuildFile; fileRef = 7167EF1527ED453F0081EEC6 /* CryptoViewModel.swift */; };
/* End PBXBuildFile section */

/* Begin PBXFileReference section */
		7167EEF427ED3D0B0081EEC6 /* CryptoApp.app */ = {isa = PBXFileReference; explicitFileType = wrapper.application; includeInIndex = 0; path = CryptoApp.app; sourceTree = BUILT_PRODUCTS_DIR; };
		7167EEF727ED3D0B0081EEC6 /* AppDelegate.swift */ = {isa = PBXFileReference; lastKnownFileType = sourcecode.swift; path = AppDelegate.swift; sourceTree = "<group>"; };
		7167EEF927ED3D0B0081EEC6 /* SceneDelegate.swift */ = {isa = PBXFileReference; lastKnownFileType = sourcecode.swift; path = SceneDelegate.swift; sourceTree = "<group>"; };
		7167EEFB27ED3D0B0081EEC6 /* ViewController.swift */ = {isa = PBXFileReference; lastKnownFileType = sourcecode.swift; path = ViewController.swift; sourceTree = "<group>"; };
		7167EEFE27ED3D0B0081EEC6 /* Base */ = {isa = PBXFileReference; lastKnownFileType = file.storyboard; name = Base; path = Base.lproj/Main.storyboard; sourceTree = "<group>"; };
		7167EF0027ED3D0B0081EEC6 /* Assets.xcassets */ = {isa = PBXFileReference; lastKnownFileType = folder.assetcatalog; path = Assets.xcassets; sourceTree = "<group>"; };
		7167EF0327ED3D0B0081EEC6 /* Base */ = {isa = PBXFileReference; lastKnownFileType = file.storyboard; name = Base; path = Base.lproj/LaunchScreen.storyboard; sourceTree = "<group>"; };
		7167EF0527ED3D0B0081EEC6 /* Info.plist */ = {isa = PBXFileReference; lastKnownFileType = text.plist.xml; path = Info.plist; sourceTree = "<group>"; };
		7167EF0B27ED3E790081EEC6 /* CryptoTableViewCell.swift */ = {isa = PBXFileReference; lastKnownFileType = sourcecode.swift; path = CryptoTableViewCell.swift; sourceTree = "<group>"; };
		7167EF1127ED40070081EEC6 /* CryptoModel.swift */ = {isa = PBXFileReference; lastKnownFileType = sourcecode.swift; path = CryptoModel.swift; sourceTree = "<group>"; };
		7167EF1327ED41450081EEC6 /* Network.swift */ = {isa = PBXFileReference; lastKnownFileType = sourcecode.swift; path = Network.swift; sourceTree = "<group>"; };
		7167EF1527ED453F0081EEC6 /* CryptoViewModel.swift */ = {isa = PBXFileReference; lastKnownFileType = sourcecode.swift; path = CryptoViewModel.swift; sourceTree = "<group>"; };
/* End PBXFileReference section */

/* Begin PBXFrameworksBuildPhase section */
		7167EEF127ED3D0B0081EEC6 /* Frameworks */ = {
			isa = PBXFrameworksBuildPhase;
			buildActionMask = 2147483647;
			files = (
			);
			runOnlyForDeploymentPostprocessing = 0;
		};
/* End PBXFrameworksBuildPhase section */

/* Begin PBXGroup section */
		7167EEEB27ED3D0B0081EEC6 = {
			isa = PBXGroup;
			children = (
				7167EEF627ED3D0B0081EEC6 /* CryptoApp */,
				7167EEF527ED3D0B0081EEC6 /* Products */,
			);
			sourceTree = "<group>";
		};
		7167EEF527ED3D0B0081EEC6 /* Products */ = {
			isa = PBXGroup;
			children = (
				7167EEF427ED3D0B0081EEC6 /* CryptoApp.app */,
			);
			name = Products;
			sourceTree = "<group>";
		};
		7167EEF627ED3D0B0081EEC6 /* CryptoApp */ = {
			isa = PBXGroup;
			children = (
				7167EF1027ED3FE40081EEC6 /* Service */,
				7167EF0F27ED3FDB0081EEC6 /* ViewModel */,
				7167EF0E27ED3FD50081EEC6 /* Model */,
				7167EF0D27ED3FCE0081EEC6 /* View */,
				7167EEFD27ED3D0B0081EEC6 /* Main.storyboard */,
				7167EF0027ED3D0B0081EEC6 /* Assets.xcassets */,
				7167EF0227ED3D0B0081EEC6 /* LaunchScreen.storyboard */,
				7167EF0527ED3D0B0081EEC6 /* Info.plist */,
			);
			path = CryptoApp;
			sourceTree = "<group>";
		};
		7167EF0D27ED3FCE0081EEC6 /* View */ = {
			isa = PBXGroup;
			children = (
				7167EEF727ED3D0B0081EEC6 /* AppDelegate.swift */,
				7167EEF927ED3D0B0081EEC6 /* SceneDelegate.swift */,
				7167EEFB27ED3D0B0081EEC6 /* ViewController.swift */,
				7167EF0B27ED3E790081EEC6 /* CryptoTableViewCell.swift */,
			);
			path = View;
			sourceTree = "<group>";
		};
		7167EF0E27ED3FD50081EEC6 /* Model */ = {
			isa = PBXGroup;
			children = (
				7167EF1127ED40070081EEC6 /* CryptoModel.swift */,
			);
			path = Model;
			sourceTree = "<group>";
		};
		7167EF0F27ED3FDB0081EEC6 /* ViewModel */ = {
			isa = PBXGroup;
			children = (
				7167EF1527ED453F0081EEC6 /* CryptoViewModel.swift */,
			);
			path = ViewModel;
			sourceTree = "<group>";
		};
		7167EF1027ED3FE40081EEC6 /* Service */ = {
			isa = PBXGroup;
			children = (
				7167EF1327ED41450081EEC6 /* Network.swift */,
			);
			path = Service;
			sourceTree = "<group>";
		};
/* End PBXGroup section */

/* Begin PBXNativeTarget section */
		7167EEF327ED3D0B0081EEC6 /* CryptoApp */ = {
			isa = PBXNativeTarget;
			buildConfigurationList = 7167EF0827ED3D0B0081EEC6 /* Build configuration list for PBXNativeTarget "CryptoApp" */;
			buildPhases = (
				7167EEF027ED3D0B0081EEC6 /* Sources */,
				7167EEF127ED3D0B0081EEC6 /* Frameworks */,
				7167EEF227ED3D0B0081EEC6 /* Resources */,
			);
			buildRules = (
			);
			dependencies = (
			);
			name = CryptoApp;
			productName = CryptoApp;
			productReference = 7167EEF427ED3D0B0081EEC6 /* CryptoApp.app */;
			productType = "com.apple.product-type.application";
		};
/* End PBXNativeTarget section */

/* Begin PBXProject section */
		7167EEEC27ED3D0B0081EEC6 /* Project object */ = {
			isa = PBXProject;
			attributes = {
				BuildIndependentTargetsInParallel = 1;
				LastSwiftUpdateCheck = 1320;
				LastUpgradeCheck = 1320;
				TargetAttributes = {
					7167EEF327ED3D0B0081EEC6 = {
						CreatedOnToolsVersion = 13.2.1;
					};
				};
			};
			buildConfigurationList = 7167EEEF27ED3D0B0081EEC6 /* Build configuration list for PBXProject "CryptoApp" */;
			compatibilityVersion = "Xcode 13.0";
			developmentRegion = en;
			hasScannedForEncodings = 0;
			knownRegions = (
				en,
				Base,
			);
			mainGroup = 7167EEEB27ED3D0B0081EEC6;
			productRefGroup = 7167EEF527ED3D0B0081EEC6 /* Products */;
			projectDirPath = "";
			projectRoot = "";
			targets = (
				7167EEF327ED3D0B0081EEC6 /* CryptoApp */,
			);
		};
/* End PBXProject section */

/* Begin PBXResourcesBuildPhase section */
		7167EEF227ED3D0B0081EEC6 /* Resources */ = {
			isa = PBXResourcesBuildPhase;
			buildActionMask = 2147483647;
			files = (
				7167EF0427ED3D0B0081EEC6 /* LaunchScreen.storyboard in Resources */,
				7167EF0127ED3D0B0081EEC6 /* Assets.xcassets in Resources */,
				7167EEFF27ED3D0B0081EEC6 /* Main.storyboard in Resources */,
			);
			runOnlyForDeploymentPostprocessing = 0;
		};
/* End PBXResourcesBuildPhase section */

/* Begin PBXSourcesBuildPhase section */
		7167EEF027ED3D0B0081EEC6 /* Sources */ = {
			isa = PBXSourcesBuildPhase;
			buildActionMask = 2147483647;
			files = (
				7167EF0C27ED3E790081EEC6 /* CryptoTableViewCell.swift in Sources */,
				7167EEFC27ED3D0B0081EEC6 /* ViewController.swift in Sources */,
				7167EF1427ED41450081EEC6 /* Network.swift in Sources */,
				7167EF1627ED453F0081EEC6 /* CryptoViewModel.swift in Sources */,
				7167EEF827ED3D0B0081EEC6 /* AppDelegate.swift in Sources */,
				7167EEFA27ED3D0B0081EEC6 /* SceneDelegate.swift in Sources */,
				7167EF1227ED40070081EEC6 /* CryptoModel.swift in Sources */,
			);
			runOnlyForDeploymentPostprocessing = 0;
		};
/* End PBXSourcesBuildPhase section */

/* Begin PBXVariantGroup section */
		7167EEFD27ED3D0B0081EEC6 /* Main.storyboard */ = {
			isa = PBXVariantGroup;
			children = (
				7167EEFE27ED3D0B0081EEC6 /* Base */,
			);
			name = Main.storyboard;
			sourceTree = "<group>";
		};
		7167EF0227ED3D0B0081EEC6 /* LaunchScreen.storyboard */ = {
			isa = PBXVariantGroup;
			children = (
				7167EF0327ED3D0B0081EEC6 /* Base */,
			);
			name = LaunchScreen.storyboard;
			sourceTree = "<group>";
		};
/* End PBXVariantGroup section */

/* Begin XCBuildConfiguration section */
		7167EF0627ED3D0B0081EEC6 /* Debug */ = {
			isa = XCBuildConfiguration;
			buildSettings = {
				ALWAYS_SEARCH_USER_PATHS = NO;
				CLANG_ANALYZER_NONNULL = YES;
				CLANG_ANALYZER_NUMBER_OBJECT_CONVERSION = YES_AGGRESSIVE;
				CLANG_CXX_LANGUAGE_STANDARD = "gnu++17";
				CLANG_CXX_LIBRARY = "libc++";
				CLANG_ENABLE_MODULES = YES;
				CLANG_ENABLE_OBJC_ARC = YES;
				CLANG_ENABLE_OBJC_WEAK = YES;
				CLANG_WARN_BLOCK_CAPTURE_AUTORELEASING = YES;
				CLANG_WARN_BOOL_CONVERSION = YES;
				CLANG_WARN_COMMA = YES;
				CLANG_WARN_CONSTANT_CONVERSION = YES;
				CLANG_WARN_DEPRECATED_OBJC_IMPLEMENTATIONS = YES;
				CLANG_WARN_DIRECT_OBJC_ISA_USAGE = YES_ERROR;
				CLANG_WARN_DOCUMENTATION_COMMENTS = YES;
				CLANG_WARN_EMPTY_BODY = YES;
				CLANG_WARN_ENUM_CONVERSION = YES;
				CLANG_WARN_INFINITE_RECURSION = YES;
				CLANG_WARN_INT_CONVERSION = YES;
				CLANG_WARN_NON_LITERAL_NULL_CONVERSION = YES;
				CLANG_WARN_OBJC_IMPLICIT_RETAIN_SELF = YES;
				CLANG_WARN_OBJC_LITERAL_CONVERSION = YES;
				CLANG_WARN_OBJC_ROOT_CLASS = YES_ERROR;
				CLANG_WARN_QUOTED_INCLUDE_IN_FRAMEWORK_HEADER = YES;
				CLANG_WARN_RANGE_LOOP_ANALYSIS = YES;
				CLANG_WARN_STRICT_PROTOTYPES = YES;
				CLANG_WARN_SUSPICIOUS_MOVE = YES;
				CLANG_WARN_UNGUARDED_AVAILABILITY = YES_AGGRESSIVE;
				CLANG_WARN_UNREACHABLE_CODE = YES;
				CLANG_WARN__DUPLICATE_METHOD_MATCH = YES;
				COPY_PHASE_STRIP = NO;
				DEBUG_INFORMATION_FORMAT = dwarf;
				ENABLE_STRICT_OBJC_MSGSEND = YES;
				ENABLE_TESTABILITY = YES;
				GCC_C_LANGUAGE_STANDARD = gnu11;
				GCC_DYNAMIC_NO_PIC = NO;
				GCC_NO_COMMON_BLOCKS = YES;
				GCC_OPTIMIZATION_LEVEL = 0;
				GCC_PREPROCESSOR_DEFINITIONS = (
					"DEBUG=1",
					"$(inherited)",
				);
				GCC_WARN_64_TO_32_BIT_CONVERSION = YES;
				GCC_WARN_ABOUT_RETURN_TYPE = YES_ERROR;
				GCC_WARN_UNDECLARED_SELECTOR = YES;
				GCC_WARN_UNINITIALIZED_AUTOS = YES_AGGRESSIVE;
				GCC_WARN_UNUSED_FUNCTION = YES;
				GCC_WARN_UNUSED_VARIABLE = YES;
				IPHONEOS_DEPLOYMENT_TARGET = 15.2;
				MTL_ENABLE_DEBUG_INFO = INCLUDE_SOURCE;
				MTL_FAST_MATH = YES;
				ONLY_ACTIVE_ARCH = YES;
				SDKROOT = iphoneos;
				SWIFT_ACTIVE_COMPILATION_CONDITIONS = DEBUG;
				SWIFT_OPTIMIZATION_LEVEL = "-Onone";
			};
			name = Debug;
		};
		7167EF0727ED3D0B0081EEC6 /* Release */ = {
			isa = XCBuildConfiguration;
			buildSettings = {
				ALWAYS_SEARCH_USER_PATHS = NO;
				CLANG_ANALYZER_NONNULL = YES;
				CLANG_ANALYZER_NUMBER_OBJECT_CONVERSION = YES_AGGRESSIVE;
				CLANG_CXX_LANGUAGE_STANDARD = "gnu++17";
				CLANG_CXX_LIBRARY = "libc++";
				CLANG_ENABLE_MODULES = YES;
				CLANG_ENABLE_OBJC_ARC = YES;
				CLANG_ENABLE_OBJC_WEAK = YES;
				CLANG_WARN_BLOCK_CAPTURE_AUTORELEASING = YES;
				CLANG_WARN_BOOL_CONVERSION = YES;
				CLANG_WARN_COMMA = YES;
				CLANG_WARN_CONSTANT_CONVERSION = YES;
				CLANG_WARN_DEPRECATED_OBJC_IMPLEMENTATIONS = YES;
				CLANG_WARN_DIRECT_OBJC_ISA_USAGE = YES_ERROR;
				CLANG_WARN_DOCUMENTATION_COMMENTS = YES;
				CLANG_WARN_EMPTY_BODY = YES;
				CLANG_WARN_ENUM_CONVERSION = YES;
				CLANG_WARN_INFINITE_RECURSION = YES;
				CLANG_WARN_INT_CONVERSION = YES;
				CLANG_WARN_NON_LITERAL_NULL_CONVERSION = YES;
				CLANG_WARN_OBJC_IMPLICIT_RETAIN_SELF = YES;
				CLANG_WARN_OBJC_LITERAL_CONVERSION = YES;
				CLANG_WARN_OBJC_ROOT_CLASS = YES_ERROR;
				CLANG_WARN_QUOTED_INCLUDE_IN_FRAMEWORK_HEADER = YES;
				CLANG_WARN_RANGE_LOOP_ANALYSIS = YES;
				CLANG_WARN_STRICT_PROTOTYPES = YES;
				CLANG_WARN_SUSPICIOUS_MOVE = YES;
				CLANG_WARN_UNGUARDED_AVAILABILITY = YES_AGGRESSIVE;
				CLANG_WARN_UNREACHABLE_CODE = YES;
				CLANG_WARN__DUPLICATE_METHOD_MATCH = YES;
				COPY_PHASE_STRIP = NO;
				DEBUG_INFORMATION_FORMAT = "dwarf-with-dsym";
				ENABLE_NS_ASSERTIONS = NO;
				ENABLE_STRICT_OBJC_MSGSEND = YES;
				GCC_C_LANGUAGE_STANDARD = gnu11;
				GCC_NO_COMMON_BLOCKS = YES;
				GCC_WARN_64_TO_32_BIT_CONVERSION = YES;
				GCC_WARN_ABOUT_RETURN_TYPE = YES_ERROR;
				GCC_WARN_UNDECLARED_SELECTOR = YES;
				GCC_WARN_UNINITIALIZED_AUTOS = YES_AGGRESSIVE;
				GCC_WARN_UNUSED_FUNCTION = YES;
				GCC_WARN_UNUSED_VARIABLE = YES;
				IPHONEOS_DEPLOYMENT_TARGET = 15.2;
				MTL_ENABLE_DEBUG_INFO = NO;
				MTL_FAST_MATH = YES;
				SDKROOT = iphoneos;
				SWIFT_COMPILATION_MODE = wholemodule;
				SWIFT_OPTIMIZATION_LEVEL = "-O";
				VALIDATE_PRODUCT = YES;
			};
			name = Release;
		};
		7167EF0927ED3D0B0081EEC6 /* Debug */ = {
			isa = XCBuildConfiguration;
			buildSettings = {
				ASSETCATALOG_COMPILER_APPICON_NAME = AppIcon;
				ASSETCATALOG_COMPILER_GLOBAL_ACCENT_COLOR_NAME = AccentColor;
				CODE_SIGN_STYLE = Automatic;
				CURRENT_PROJECT_VERSION = 1;
				GENERATE_INFOPLIST_FILE = YES;
				INFOPLIST_FILE = CryptoApp/Info.plist;
				INFOPLIST_KEY_UIApplicationSupportsIndirectInputEvents = YES;
				INFOPLIST_KEY_UILaunchStoryboardName = LaunchScreen;
				INFOPLIST_KEY_UIMainStoryboardFile = Main;
				INFOPLIST_KEY_UISupportedInterfaceOrientations_iPad = "UIInterfaceOrientationPortrait UIInterfaceOrientationPortraitUpsideDown UIInterfaceOrientationLandscapeLeft UIInterfaceOrientationLandscapeRight";
				INFOPLIST_KEY_UISupportedInterfaceOrientations_iPhone = "UIInterfaceOrientationPortrait UIInterfaceOrientationLandscapeLeft UIInterfaceOrientationLandscapeRight";
				IPHONEOS_DEPLOYMENT_TARGET = 13.0;
				LD_RUNPATH_SEARCH_PATHS = (
					"$(inherited)",
					"@executable_path/Frameworks",
				);
				MARKETING_VERSION = 1.0;
				PRODUCT_BUNDLE_IDENTIFIER = com.talhavarol.CryptoApp;
				PRODUCT_NAME = "$(TARGET_NAME)";
				SWIFT_EMIT_LOC_STRINGS = YES;
				SWIFT_VERSION = 5.0;
				TARGETED_DEVICE_FAMILY = "1,2";
			};
			name = Debug;
		};
		7167EF0A27ED3D0B0081EEC6 /* Release */ = {
			isa = XCBuildConfiguration;
			buildSettings = {
				ASSETCATALOG_COMPILER_APPICON_NAME = AppIcon;
				ASSETCATALOG_COMPILER_GLOBAL_ACCENT_COLOR_NAME = AccentColor;
				CODE_SIGN_STYLE = Automatic;
				CURRENT_PROJECT_VERSION = 1;
				GENERATE_INFOPLIST_FILE = YES;
				INFOPLIST_FILE = CryptoApp/Info.plist;
				INFOPLIST_KEY_UIApplicationSupportsIndirectInputEvents = YES;
				INFOPLIST_KEY_UILaunchStoryboardName = LaunchScreen;
				INFOPLIST_KEY_UIMainStoryboardFile = Main;
				INFOPLIST_KEY_UISupportedInterfaceOrientations_iPad = "UIInterfaceOrientationPortrait UIInterfaceOrientationPortraitUpsideDown UIInterfaceOrientationLandscapeLeft UIInterfaceOrientationLandscapeRight";
				INFOPLIST_KEY_UISupportedInterfaceOrientations_iPhone = "UIInterfaceOrientationPortrait UIInterfaceOrientationLandscapeLeft UIInterfaceOrientationLandscapeRight";
				IPHONEOS_DEPLOYMENT_TARGET = 13.0;
				LD_RUNPATH_SEARCH_PATHS = (
					"$(inherited)",
					"@executable_path/Frameworks",
				);
				MARKETING_VERSION = 1.0;
				PRODUCT_BUNDLE_IDENTIFIER = com.talhavarol.CryptoApp;
				PRODUCT_NAME = "$(TARGET_NAME)";
				SWIFT_EMIT_LOC_STRINGS = YES;
				SWIFT_VERSION = 5.0;
				TARGETED_DEVICE_FAMILY = "1,2";
			};
			name = Release;
		};
/* End XCBuildConfiguration section */

/* Begin XCConfigurationList section */
		7167EEEF27ED3D0B0081EEC6 /* Build configuration list for PBXProject "CryptoApp" */ = {
			isa = XCConfigurationList;
			buildConfigurations = (
				7167EF0627ED3D0B0081EEC6 /* Debug */,
				7167EF0727ED3D0B0081EEC6 /* Release */,
			);
			defaultConfigurationIsVisible = 0;
			defaultConfigurationName = Release;
		};
		7167EF0827ED3D0B0081EEC6 /* Build configuration list for PBXNativeTarget "CryptoApp" */ = {
			isa = XCConfigurationList;
			buildConfigurations = (
				7167EF0927ED3D0B0081EEC6 /* Debug */,
				7167EF0A27ED3D0B0081EEC6 /* Release */,
			);
			defaultConfigurationIsVisible = 0;
			defaultConfigurationName = Release;
		};
/* End XCConfigurationList section */
	};
	rootObject = 7167EEEC27ED3D0B0081EEC6 /* Project object */;
}
